
Microsoft Visual Studio Solution File, Format Version 12.00
# Visual Studio Version 17
VisualStudioVersion = 17.3.32929.385
MinimumVisualStudioVersion = 10.0.40219.1
Project("{9A19103F-16F7-4668-BE54-9A1E7A4F7556}") = "ProgAssign1", "ProgAssign1.csproj", "{CF647FD2-A28F-444F-BDAC-C50E17CD4328}"
EndProject
Global
	GlobalSection(SolutionConfigurationPlatforms) = preSolution
		Debug|Any CPU = Debug|Any CPU
		Release|Any CPU = Release|Any CPU
	EndGlobalSection
	GlobalSection(ProjectConfigurationPlatforms) = postSolution
		{CF647FD2-A28F-444F-BDAC-C50E17CD4328}.Debug|Any CPU.ActiveCfg = Debug|Any CPU
		{CF647FD2-A28F-444F-BDAC-C50E17CD4328}.Debug|Any CPU.Build.0 = Debug|Any CPU
		{CF647FD2-A28F-444F-BDAC-C50E17CD4328}.Release|Any CPU.ActiveCfg = Release|Any CPU
		{CF647FD2-A28F-444F-BDAC-C50E17CD4328}.Release|Any CPU.Build.0 = Release|Any CPU
	EndGlobalSection
	GlobalSection(SolutionProperties) = preSolution
		HideSolutionNode = FALSE
	EndGlobalSection
	GlobalSection(ExtensibilityGlobals) = postSolution
		SolutionGuid = {D1F67784-CC1B-4926-9A25-1B35C57A7C01}
	EndGlobalSection
EndGlobal
